
Microsoft Visual Studio Solution File, Format Version 12.00
# Visual Studio Version 17
VisualStudioVersion = 17.6.33815.320
MinimumVisualStudioVersion = 10.0.40219.1
Project("{FAE04EC0-301F-11D3-BF4B-00C04F79EFBC}") = "NQueens.ComCopilot", "NQueens.ComCopilot\NQueens.ComCopilot.csproj", "{CFE9F116-4EDE-45BE-A65E-BFAA06227DA8}"
EndProject
Global
	GlobalSection(SolutionConfigurationPlatforms) = preSolution
		Debug|Any CPU = Debug|Any CPU
		Release|Any CPU = Release|Any CPU
	EndGlobalSection
	GlobalSection(ProjectConfigurationPlatforms) = postSolution
		{CFE9F116-4EDE-45BE-A65E-BFAA06227DA8}.Debug|Any CPU.ActiveCfg = Debug|Any CPU
		{CFE9F116-4EDE-45BE-A65E-BFAA06227DA8}.Debug|Any CPU.Build.0 = Debug|Any CPU
		{CFE9F116-4EDE-45BE-A65E-BFAA06227DA8}.Release|Any CPU.ActiveCfg = Release|Any CPU
		{CFE9F116-4EDE-45BE-A65E-BFAA06227DA8}.Release|Any CPU.Build.0 = Release|Any CPU
	EndGlobalSection
	GlobalSection(SolutionProperties) = preSolution
		HideSolutionNode = FALSE
	EndGlobalSection
	GlobalSection(ExtensibilityGlobals) = postSolution
		SolutionGuid = {C1083DEF-0E29-47C9-A940-B45391604DCA}
	EndGlobalSection
EndGlobal
